
Microsoft Visual Studio Solution File, Format Version 12.00
# Visual Studio Version 16
VisualStudioVersion = 16.0.30114.105
MinimumVisualStudioVersion = 10.0.40219.1
Project("{8BC9CEB8-8B4A-11D0-8D11-00A0C91BC942}") = "Project1.0525", "Project1.0525\Project1.0525.vcxproj", "{BA19D01E-7545-40DA-B73D-7658FFA792E2}"
EndProject
Project("{8BC9CEB8-8B4A-11D0-8D11-00A0C91BC942}") = "Project2.0525", "Project2.0525\Project2.0525.vcxproj", "{498627C7-65FD-48F6-B6E7-99ABF74090E5}"
EndProject
Global
	GlobalSection(SolutionConfigurationPlatforms) = preSolution
		Debug|x64 = Debug|x64
		Debug|x86 = Debug|x86
		Release|x64 = Release|x64
		Release|x86 = Release|x86
	EndGlobalSection
	GlobalSection(ProjectConfigurationPlatforms) = postSolution
		{BA19D01E-7545-40DA-B73D-7658FFA792E2}.Debug|x64.ActiveCfg = Debug|x64
		{BA19D01E-7545-40DA-B73D-7658FFA792E2}.Debug|x64.Build.0 = Debug|x64
		{BA19D01E-7545-40DA-B73D-7658FFA792E2}.Debug|x86.ActiveCfg = Debug|Win32
		{BA19D01E-7545-40DA-B73D-7658FFA792E2}.Debug|x86.Build.0 = Debug|Win32
		{BA19D01E-7545-40DA-B73D-7658FFA792E2}.Release|x64.ActiveCfg = Release|x64
		{BA19D01E-7545-40DA-B73D-7658FFA792E2}.Release|x64.Build.0 = Release|x64
		{BA19D01E-7545-40DA-B73D-7658FFA792E2}.Release|x86.ActiveCfg = Release|Win32
		{BA19D01E-7545-40DA-B73D-7658FFA792E2}.Release|x86.Build.0 = Release|Win32
		{498627C7-65FD-48F6-B6E7-99ABF74090E5}.Debug|x64.ActiveCfg = Debug|x64
		{498627C7-65FD-48F6-B6E7-99ABF74090E5}.Debug|x64.Build.0 = Debug|x64
		{498627C7-65FD-48F6-B6E7-99ABF74090E5}.Debug|x86.ActiveCfg = Debug|Win32
		{498627C7-65FD-48F6-B6E7-99ABF74090E5}.Debug|x86.Build.0 = Debug|Win32
		{498627C7-65FD-48F6-B6E7-99ABF74090E5}.Release|x64.ActiveCfg = Release|x64
		{498627C7-65FD-48F6-B6E7-99ABF74090E5}.Release|x64.Build.0 = Release|x64
		{498627C7-65FD-48F6-B6E7-99ABF74090E5}.Release|x86.ActiveCfg = Release|Win32
		{498627C7-65FD-48F6-B6E7-99ABF74090E5}.Release|x86.Build.0 = Release|Win32
	EndGlobalSection
	GlobalSection(SolutionProperties) = preSolution
		HideSolutionNode = FALSE
	EndGlobalSection
	GlobalSection(ExtensibilityGlobals) = postSolution
		SolutionGuid = {C48CF750-E15B-4CE1-86DA-0A9B8E3219AB}
	EndGlobalSection
EndGlobal
