
Microsoft Visual Studio Solution File, Format Version 12.00
# Visual Studio Version 16
VisualStudioVersion = 16.0.30114.105
MinimumVisualStudioVersion = 10.0.40219.1
Project("{8BC9CEB8-8B4A-11D0-8D11-00A0C91BC942}") = "Project0610", "Project0610\Project0610.vcxproj", "{57757E90-35E3-43D6-B17C-E147BEF138CE}"
EndProject
Global
	GlobalSection(SolutionConfigurationPlatforms) = preSolution
		Debug|x64 = Debug|x64
		Debug|x86 = Debug|x86
		Release|x64 = Release|x64
		Release|x86 = Release|x86
	EndGlobalSection
	GlobalSection(ProjectConfigurationPlatforms) = postSolution
		{57757E90-35E3-43D6-B17C-E147BEF138CE}.Debug|x64.ActiveCfg = Debug|x64
		{57757E90-35E3-43D6-B17C-E147BEF138CE}.Debug|x64.Build.0 = Debug|x64
		{57757E90-35E3-43D6-B17C-E147BEF138CE}.Debug|x86.ActiveCfg = Debug|Win32
		{57757E90-35E3-43D6-B17C-E147BEF138CE}.Debug|x86.Build.0 = Debug|Win32
		{57757E90-35E3-43D6-B17C-E147BEF138CE}.Release|x64.ActiveCfg = Release|x64
		{57757E90-35E3-43D6-B17C-E147BEF138CE}.Release|x64.Build.0 = Release|x64
		{57757E90-35E3-43D6-B17C-E147BEF138CE}.Release|x86.ActiveCfg = Release|Win32
		{57757E90-35E3-43D6-B17C-E147BEF138CE}.Release|x86.Build.0 = Release|Win32
	EndGlobalSection
	GlobalSection(SolutionProperties) = preSolution
		HideSolutionNode = FALSE
	EndGlobalSection
	GlobalSection(ExtensibilityGlobals) = postSolution
		SolutionGuid = {566470C3-9F54-4C7C-8819-9FA2B90C4978}
	EndGlobalSection
EndGlobal
