
Microsoft Visual Studio Solution File, Format Version 12.00
# Visual Studio Version 16
VisualStudioVersion = 16.0.30114.105
MinimumVisualStudioVersion = 10.0.40219.1
Project("{8BC9CEB8-8B4A-11D0-8D11-00A0C91BC942}") = "problem5", "problem5\problem5.vcxproj", "{EAE9C480-3559-4978-B2FF-114A79D1D28E}"
EndProject
Project("{8BC9CEB8-8B4A-11D0-8D11-00A0C91BC942}") = "problem7", "problem7\problem7.vcxproj", "{1E6F6259-1987-4E4C-88BB-FBFB101F9078}"
EndProject
Project("{8BC9CEB8-8B4A-11D0-8D11-00A0C91BC942}") = "problem8", "problem8\problem8.vcxproj", "{65C71904-8485-46C4-9B51-BA50EBEF4EB1}"
EndProject
Project("{8BC9CEB8-8B4A-11D0-8D11-00A0C91BC942}") = "problem9", "problem9\problem9.vcxproj", "{6A336CFB-B139-417B-B71A-1DCBC0A028A8}"
EndProject
Project("{8BC9CEB8-8B4A-11D0-8D11-00A0C91BC942}") = "problem10", "problem10\problem10.vcxproj", "{29DE44A8-0DEF-4DF6-8232-465B1ECE9536}"
EndProject
Project("{8BC9CEB8-8B4A-11D0-8D11-00A0C91BC942}") = "problem11", "problem11\problem11.vcxproj", "{5F062B82-C081-4C35-A717-CECA32FD1699}"
EndProject
Project("{8BC9CEB8-8B4A-11D0-8D11-00A0C91BC942}") = "problem12", "problem12\problem12.vcxproj", "{2F540D7B-506B-41DB-AB93-F97273729074}"
EndProject
Project("{8BC9CEB8-8B4A-11D0-8D11-00A0C91BC942}") = "problem13", "problem13\problem13.vcxproj", "{393DAED1-73D0-437C-AB01-9FECAA9674CF}"
EndProject
Project("{8BC9CEB8-8B4A-11D0-8D11-00A0C91BC942}") = "problem_6", "problem_6\problem_6.vcxproj", "{2DDBC9E3-ACB2-40F0-AF73-614BCAB86C1C}"
EndProject
Global
	GlobalSection(SolutionConfigurationPlatforms) = preSolution
		Debug|x64 = Debug|x64
		Debug|x86 = Debug|x86
		Release|x64 = Release|x64
		Release|x86 = Release|x86
	EndGlobalSection
	GlobalSection(ProjectConfigurationPlatforms) = postSolution
		{EAE9C480-3559-4978-B2FF-114A79D1D28E}.Debug|x64.ActiveCfg = Debug|x64
		{EAE9C480-3559-4978-B2FF-114A79D1D28E}.Debug|x64.Build.0 = Debug|x64
		{EAE9C480-3559-4978-B2FF-114A79D1D28E}.Debug|x86.ActiveCfg = Debug|Win32
		{EAE9C480-3559-4978-B2FF-114A79D1D28E}.Debug|x86.Build.0 = Debug|Win32
		{EAE9C480-3559-4978-B2FF-114A79D1D28E}.Release|x64.ActiveCfg = Release|x64
		{EAE9C480-3559-4978-B2FF-114A79D1D28E}.Release|x64.Build.0 = Release|x64
		{EAE9C480-3559-4978-B2FF-114A79D1D28E}.Release|x86.ActiveCfg = Release|Win32
		{EAE9C480-3559-4978-B2FF-114A79D1D28E}.Release|x86.Build.0 = Release|Win32
		{1E6F6259-1987-4E4C-88BB-FBFB101F9078}.Debug|x64.ActiveCfg = Debug|x64
		{1E6F6259-1987-4E4C-88BB-FBFB101F9078}.Debug|x64.Build.0 = Debug|x64
		{1E6F6259-1987-4E4C-88BB-FBFB101F9078}.Debug|x86.ActiveCfg = Debug|Win32
		{1E6F6259-1987-4E4C-88BB-FBFB101F9078}.Debug|x86.Build.0 = Debug|Win32
		{1E6F6259-1987-4E4C-88BB-FBFB101F9078}.Release|x64.ActiveCfg = Release|x64
		{1E6F6259-1987-4E4C-88BB-FBFB101F9078}.Release|x64.Build.0 = Release|x64
		{1E6F6259-1987-4E4C-88BB-FBFB101F9078}.Release|x86.ActiveCfg = Release|Win32
		{1E6F6259-1987-4E4C-88BB-FBFB101F9078}.Release|x86.Build.0 = Release|Win32
		{65C71904-8485-46C4-9B51-BA50EBEF4EB1}.Debug|x64.ActiveCfg = Debug|x64
		{65C71904-8485-46C4-9B51-BA50EBEF4EB1}.Debug|x64.Build.0 = Debug|x64
		{65C71904-8485-46C4-9B51-BA50EBEF4EB1}.Debug|x86.ActiveCfg = Debug|Win32
		{65C71904-8485-46C4-9B51-BA50EBEF4EB1}.Debug|x86.Build.0 = Debug|Win32
		{65C71904-8485-46C4-9B51-BA50EBEF4EB1}.Release|x64.ActiveCfg = Release|x64
		{65C71904-8485-46C4-9B51-BA50EBEF4EB1}.Release|x64.Build.0 = Release|x64
		{65C71904-8485-46C4-9B51-BA50EBEF4EB1}.Release|x86.ActiveCfg = Release|Win32
		{65C71904-8485-46C4-9B51-BA50EBEF4EB1}.Release|x86.Build.0 = Release|Win32
		{6A336CFB-B139-417B-B71A-1DCBC0A028A8}.Debug|x64.ActiveCfg = Debug|x64
		{6A336CFB-B139-417B-B71A-1DCBC0A028A8}.Debug|x64.Build.0 = Debug|x64
		{6A336CFB-B139-417B-B71A-1DCBC0A028A8}.Debug|x86.ActiveCfg = Debug|Win32
		{6A336CFB-B139-417B-B71A-1DCBC0A028A8}.Debug|x86.Build.0 = Debug|Win32
		{6A336CFB-B139-417B-B71A-1DCBC0A028A8}.Release|x64.ActiveCfg = Release|x64
		{6A336CFB-B139-417B-B71A-1DCBC0A028A8}.Release|x64.Build.0 = Release|x64
		{6A336CFB-B139-417B-B71A-1DCBC0A028A8}.Release|x86.ActiveCfg = Release|Win32
		{6A336CFB-B139-417B-B71A-1DCBC0A028A8}.Release|x86.Build.0 = Release|Win32
		{29DE44A8-0DEF-4DF6-8232-465B1ECE9536}.Debug|x64.ActiveCfg = Debug|x64
		{29DE44A8-0DEF-4DF6-8232-465B1ECE9536}.Debug|x64.Build.0 = Debug|x64
		{29DE44A8-0DEF-4DF6-8232-465B1ECE9536}.Debug|x86.ActiveCfg = Debug|Win32
		{29DE44A8-0DEF-4DF6-8232-465B1ECE9536}.Debug|x86.Build.0 = Debug|Win32
		{29DE44A8-0DEF-4DF6-8232-465B1ECE9536}.Release|x64.ActiveCfg = Release|x64
		{29DE44A8-0DEF-4DF6-8232-465B1ECE9536}.Release|x64.Build.0 = Release|x64
		{29DE44A8-0DEF-4DF6-8232-465B1ECE9536}.Release|x86.ActiveCfg = Release|Win32
		{29DE44A8-0DEF-4DF6-8232-465B1ECE9536}.Release|x86.Build.0 = Release|Win32
		{5F062B82-C081-4C35-A717-CECA32FD1699}.Debug|x64.ActiveCfg = Debug|x64
		{5F062B82-C081-4C35-A717-CECA32FD1699}.Debug|x64.Build.0 = Debug|x64
		{5F062B82-C081-4C35-A717-CECA32FD1699}.Debug|x86.ActiveCfg = Debug|Win32
		{5F062B82-C081-4C35-A717-CECA32FD1699}.Debug|x86.Build.0 = Debug|Win32
		{5F062B82-C081-4C35-A717-CECA32FD1699}.Release|x64.ActiveCfg = Release|x64
		{5F062B82-C081-4C35-A717-CECA32FD1699}.Release|x64.Build.0 = Release|x64
		{5F062B82-C081-4C35-A717-CECA32FD1699}.Release|x86.ActiveCfg = Release|Win32
		{5F062B82-C081-4C35-A717-CECA32FD1699}.Release|x86.Build.0 = Release|Win32
		{2F540D7B-506B-41DB-AB93-F97273729074}.Debug|x64.ActiveCfg = Debug|x64
		{2F540D7B-506B-41DB-AB93-F97273729074}.Debug|x64.Build.0 = Debug|x64
		{2F540D7B-506B-41DB-AB93-F97273729074}.Debug|x86.ActiveCfg = Debug|Win32
		{2F540D7B-506B-41DB-AB93-F97273729074}.Debug|x86.Build.0 = Debug|Win32
		{2F540D7B-506B-41DB-AB93-F97273729074}.Release|x64.ActiveCfg = Release|x64
		{2F540D7B-506B-41DB-AB93-F97273729074}.Release|x64.Build.0 = Release|x64
		{2F540D7B-506B-41DB-AB93-F97273729074}.Release|x86.ActiveCfg = Release|Win32
		{2F540D7B-506B-41DB-AB93-F97273729074}.Release|x86.Build.0 = Release|Win32
		{393DAED1-73D0-437C-AB01-9FECAA9674CF}.Debug|x64.ActiveCfg = Debug|x64
		{393DAED1-73D0-437C-AB01-9FECAA9674CF}.Debug|x64.Build.0 = Debug|x64
		{393DAED1-73D0-437C-AB01-9FECAA9674CF}.Debug|x86.ActiveCfg = Debug|Win32
		{393DAED1-73D0-437C-AB01-9FECAA9674CF}.Debug|x86.Build.0 = Debug|Win32
		{393DAED1-73D0-437C-AB01-9FECAA9674CF}.Release|x64.ActiveCfg = Release|x64
		{393DAED1-73D0-437C-AB01-9FECAA9674CF}.Release|x64.Build.0 = Release|x64
		{393DAED1-73D0-437C-AB01-9FECAA9674CF}.Release|x86.ActiveCfg = Release|Win32
		{393DAED1-73D0-437C-AB01-9FECAA9674CF}.Release|x86.Build.0 = Release|Win32
		{2DDBC9E3-ACB2-40F0-AF73-614BCAB86C1C}.Debug|x64.ActiveCfg = Debug|x64
		{2DDBC9E3-ACB2-40F0-AF73-614BCAB86C1C}.Debug|x64.Build.0 = Debug|x64
		{2DDBC9E3-ACB2-40F0-AF73-614BCAB86C1C}.Debug|x86.ActiveCfg = Debug|Win32
		{2DDBC9E3-ACB2-40F0-AF73-614BCAB86C1C}.Debug|x86.Build.0 = Debug|Win32
		{2DDBC9E3-ACB2-40F0-AF73-614BCAB86C1C}.Release|x64.ActiveCfg = Release|x64
		{2DDBC9E3-ACB2-40F0-AF73-614BCAB86C1C}.Release|x64.Build.0 = Release|x64
		{2DDBC9E3-ACB2-40F0-AF73-614BCAB86C1C}.Release|x86.ActiveCfg = Release|Win32
		{2DDBC9E3-ACB2-40F0-AF73-614BCAB86C1C}.Release|x86.Build.0 = Release|Win32
	EndGlobalSection
	GlobalSection(SolutionProperties) = preSolution
		HideSolutionNode = FALSE
	EndGlobalSection
	GlobalSection(ExtensibilityGlobals) = postSolution
		SolutionGuid = {A702D21B-82C4-4632-86AC-34B026AF5B31}
	EndGlobalSection
EndGlobal
