
Microsoft Visual Studio Solution File, Format Version 12.00
# Visual Studio Version 16
VisualStudioVersion = 16.0.30114.105
MinimumVisualStudioVersion = 10.0.40219.1
Project("{8BC9CEB8-8B4A-11D0-8D11-00A0C91BC942}") = "0611-pointer2", "0611-pointer2\0611-pointer2.vcxproj", "{6D5C6675-D782-450D-9F99-95FFE52E9618}"
EndProject
Global
	GlobalSection(SolutionConfigurationPlatforms) = preSolution
		Debug|x64 = Debug|x64
		Debug|x86 = Debug|x86
		Release|x64 = Release|x64
		Release|x86 = Release|x86
	EndGlobalSection
	GlobalSection(ProjectConfigurationPlatforms) = postSolution
		{6D5C6675-D782-450D-9F99-95FFE52E9618}.Debug|x64.ActiveCfg = Debug|x64
		{6D5C6675-D782-450D-9F99-95FFE52E9618}.Debug|x64.Build.0 = Debug|x64
		{6D5C6675-D782-450D-9F99-95FFE52E9618}.Debug|x86.ActiveCfg = Debug|Win32
		{6D5C6675-D782-450D-9F99-95FFE52E9618}.Debug|x86.Build.0 = Debug|Win32
		{6D5C6675-D782-450D-9F99-95FFE52E9618}.Release|x64.ActiveCfg = Release|x64
		{6D5C6675-D782-450D-9F99-95FFE52E9618}.Release|x64.Build.0 = Release|x64
		{6D5C6675-D782-450D-9F99-95FFE52E9618}.Release|x86.ActiveCfg = Release|Win32
		{6D5C6675-D782-450D-9F99-95FFE52E9618}.Release|x86.Build.0 = Release|Win32
	EndGlobalSection
	GlobalSection(SolutionProperties) = preSolution
		HideSolutionNode = FALSE
	EndGlobalSection
	GlobalSection(ExtensibilityGlobals) = postSolution
		SolutionGuid = {A702D21B-82C4-4632-86AC-34B026AF5B31}
	EndGlobalSection
EndGlobal
